
Microsoft Visual Studio Solution File, Format Version 12.00
# Visual Studio Version 17
VisualStudioVersion = 17.7.34024.191
MinimumVisualStudioVersion = 10.0.40219.1
Project("{8BC9CEB8-8B4A-11D0-8D11-00A0C91BC942}") = "Project_OOP_7", "Project_OOP_7\Project_OOP_7.vcxproj", "{ADB30C11-421C-4204-9511-4A551B2DB37E}"
EndProject
Global
	GlobalSection(SolutionConfigurationPlatforms) = preSolution
		Debug|x64 = Debug|x64
		Debug|x86 = Debug|x86
		Release|x64 = Release|x64
		Release|x86 = Release|x86
	EndGlobalSection
	GlobalSection(ProjectConfigurationPlatforms) = postSolution
		{ADB30C11-421C-4204-9511-4A551B2DB37E}.Debug|x64.ActiveCfg = Debug|x64
		{ADB30C11-421C-4204-9511-4A551B2DB37E}.Debug|x64.Build.0 = Debug|x64
		{ADB30C11-421C-4204-9511-4A551B2DB37E}.Debug|x86.ActiveCfg = Debug|Win32
		{ADB30C11-421C-4204-9511-4A551B2DB37E}.Debug|x86.Build.0 = Debug|Win32
		{ADB30C11-421C-4204-9511-4A551B2DB37E}.Release|x64.ActiveCfg = Release|x64
		{ADB30C11-421C-4204-9511-4A551B2DB37E}.Release|x64.Build.0 = Release|x64
		{ADB30C11-421C-4204-9511-4A551B2DB37E}.Release|x86.ActiveCfg = Release|Win32
		{ADB30C11-421C-4204-9511-4A551B2DB37E}.Release|x86.Build.0 = Release|Win32
	EndGlobalSection
	GlobalSection(SolutionProperties) = preSolution
		HideSolutionNode = FALSE
	EndGlobalSection
	GlobalSection(ExtensibilityGlobals) = postSolution
		SolutionGuid = {2BED6AD8-6A15-4609-A60E-D8B2A047568E}
	EndGlobalSection
EndGlobal
